
Microsoft Visual Studio Solution File, Format Version 12.00
# Visual Studio Version 16
VisualStudioVersion = 16.0.30413.136
MinimumVisualStudioVersion = 10.0.40219.1
Project("{FAE04EC0-301F-11D3-BF4B-00C04F79EFBC}") = "SocialNetworkAPI", "SocialNetworkAPI\SocialNetworkAPI.csproj", "{5584BD16-B2EC-4EEF-99BA-1FA3A15D0509}"
EndProject
Project("{FAE04EC0-301F-11D3-BF4B-00C04F79EFBC}") = "SocialNetworkBLL", "SocialNetworkBLL\SocialNetworkBLL.csproj", "{5643002A-1583-4D83-A062-1043C1AEFF78}"
EndProject
Global
	GlobalSection(SolutionConfigurationPlatforms) = preSolution
		Debug|Any CPU = Debug|Any CPU
		Release|Any CPU = Release|Any CPU
	EndGlobalSection
	GlobalSection(ProjectConfigurationPlatforms) = postSolution
		{5584BD16-B2EC-4EEF-99BA-1FA3A15D0509}.Debug|Any CPU.ActiveCfg = Debug|Any CPU
		{5584BD16-B2EC-4EEF-99BA-1FA3A15D0509}.Debug|Any CPU.Build.0 = Debug|Any CPU
		{5584BD16-B2EC-4EEF-99BA-1FA3A15D0509}.Release|Any CPU.ActiveCfg = Release|Any CPU
		{5584BD16-B2EC-4EEF-99BA-1FA3A15D0509}.Release|Any CPU.Build.0 = Release|Any CPU
		{5643002A-1583-4D83-A062-1043C1AEFF78}.Debug|Any CPU.ActiveCfg = Debug|Any CPU
		{5643002A-1583-4D83-A062-1043C1AEFF78}.Debug|Any CPU.Build.0 = Debug|Any CPU
		{5643002A-1583-4D83-A062-1043C1AEFF78}.Release|Any CPU.ActiveCfg = Release|Any CPU
		{5643002A-1583-4D83-A062-1043C1AEFF78}.Release|Any CPU.Build.0 = Release|Any CPU
	EndGlobalSection
	GlobalSection(SolutionProperties) = preSolution
		HideSolutionNode = FALSE
	EndGlobalSection
	GlobalSection(ExtensibilityGlobals) = postSolution
		SolutionGuid = {4B605BB7-12A2-4E91-823D-472FCEC95FAD}
	EndGlobalSection
EndGlobal
